
Microsoft Visual Studio Solution File, Format Version 12.00
# Visual Studio 15
VisualStudioVersion = 15.0.27703.2035
MinimumVisualStudioVersion = 10.0.40219.1
Project("{FAE04EC0-301F-11D3-BF4B-00C04F79EFBC}") = "Hello_2a", "Hello_2a\Hello_2a.csproj", "{C3020067-5D23-4664-A43C-B3664A0743F9}"
EndProject
Global
	GlobalSection(SolutionConfigurationPlatforms) = preSolution
		Debug|Any CPU = Debug|Any CPU
		Release|Any CPU = Release|Any CPU
	EndGlobalSection
	GlobalSection(ProjectConfigurationPlatforms) = postSolution
		{C3020067-5D23-4664-A43C-B3664A0743F9}.Debug|Any CPU.ActiveCfg = Debug|Any CPU
		{C3020067-5D23-4664-A43C-B3664A0743F9}.Debug|Any CPU.Build.0 = Debug|Any CPU
		{C3020067-5D23-4664-A43C-B3664A0743F9}.Debug|Any CPU.Deploy.0 = Debug|Any CPU
		{C3020067-5D23-4664-A43C-B3664A0743F9}.Release|Any CPU.ActiveCfg = Release|Any CPU
		{C3020067-5D23-4664-A43C-B3664A0743F9}.Release|Any CPU.Build.0 = Release|Any CPU
		{C3020067-5D23-4664-A43C-B3664A0743F9}.Release|Any CPU.Deploy.0 = Release|Any CPU
	EndGlobalSection
	GlobalSection(SolutionProperties) = preSolution
		HideSolutionNode = FALSE
	EndGlobalSection
	GlobalSection(ExtensibilityGlobals) = postSolution
		SolutionGuid = {F6E30924-6ABB-4B99-8FD2-8E5284907030}
	EndGlobalSection
EndGlobal
